<Solution>
  <Project Path="FacturationApp.Data/FacturationApp.Data.csproj" />
  <Project Path="FacturationApp.Services/FacturationApp.Services.csproj" />
  <Project Path="FacturationApp.Shared/FacturationApp.Shared.csproj" />
  <Project Path="FacturationApp.Web/FacturationApp.Web.csproj" />
</Solution>
